
Microsoft Visual Studio Solution File, Format Version 12.00
# Visual Studio 2013
VisualStudioVersion = 12.0.21005.1
MinimumVisualStudioVersion = 10.0.40219.1
Project("{8BC9CEB8-8B4A-11D0-8D11-00A0C91BC942}") = "Dialog", "code\CH1\CH101\Dialog\Dialog.vcxproj", "{C96FA381-D17E-3E72-ABA3-4173503AF272}"
EndProject
Project("{8BC9CEB8-8B4A-11D0-8D11-00A0C91BC942}") = "ListIterator", "code\CH2\CH201\ListIterator\ListIterator.vcxproj", "{F805770F-F2EB-36B3-95B6-54A955E8D893}"
EndProject
Project("{8BC9CEB8-8B4A-11D0-8D11-00A0C91BC942}") = "MutableListIterator", "code\CH2\CH202\MutableListIterator\MutableListIterator.vcxproj", "{1B19FBD6-88DE-3D57-871C-3133A291877F}"
EndProject
Project("{8BC9CEB8-8B4A-11D0-8D11-00A0C91BC942}") = "StlIterator", "code\CH2\CH203\StlIterator\StlIterator.vcxproj", "{82DB8F78-B33D-37CC-8DAE-FE3B71F12CEC}"
EndProject
Project("{8BC9CEB8-8B4A-11D0-8D11-00A0C91BC942}") = "MapIterator", "code\CH2\CH204\MapIterator\MapIterator.vcxproj", "{D3EDBEBB-D45A-307B-93C8-2B1CE46FCD22}"
EndProject
Project("{8BC9CEB8-8B4A-11D0-8D11-00A0C91BC942}") = "StlMapIterator", "code\CH2\CH205\StlMapIterator\StlMapIterator.vcxproj", "{BA4D613F-3F88-32CF-92BB-3F9BC910E55D}"
EndProject
Project("{8BC9CEB8-8B4A-11D0-8D11-00A0C91BC942}") = "myVariant", "code\CH2\CH206\myVariant\myVariant.vcxproj", "{A6B91A38-1BFD-3F27-B49F-F509BDF85D8E}"
EndProject
Project("{8BC9CEB8-8B4A-11D0-8D11-00A0C91BC942}") = "Algorithms", "code\CH2\CH207\Algorithms\Algorithms.vcxproj", "{8347F277-6ECF-3F74-9EF3-E3AF8730A873}"
EndProject
Project("{8BC9CEB8-8B4A-11D0-8D11-00A0C91BC942}") = "PushButtonTest", "code\CH2\CH208\PushButtonTest\PushButtonTest.vcxproj", "{06ED0940-AD90-3769-B24E-12C5DA520B5D}"
EndProject
Project("{8BC9CEB8-8B4A-11D0-8D11-00A0C91BC942}") = "TreeWidget", "code\CH2\CH209\TreeWidget\TreeWidget.vcxproj", "{0E33657A-917C-35C5-A518-F8BB69662305}"
EndProject
Project("{8BC9CEB8-8B4A-11D0-8D11-00A0C91BC942}") = "Test", "code\CH2\CH210\Test\Test.vcxproj", "{4AC79525-CE0E-37FB-B5E5-03711C63EA11}"
EndProject
Project("{2150E333-8FDC-42A3-9474-1A3956D46DE8}") = "第01章 Qt概述", "第01章 Qt概述", "{B8DBC2CA-31A7-4C6D-A732-B01BAFEC3C58}"
EndProject
Project("{2150E333-8FDC-42A3-9474-1A3956D46DE8}") = "第02章 Qt 5模板库、工具类及控件", "第02章 Qt 5模板库、工具类及控件", "{B300FF1C-70B5-4CB8-B526-1C21BBB14A6F}"
EndProject
Project("{2150E333-8FDC-42A3-9474-1A3956D46DE8}") = "第03章 Qt 5布局管理", "第03章 Qt 5布局管理", "{48221199-C785-4869-9791-E69C6D04C108}"
EndProject
Project("{8BC9CEB8-8B4A-11D0-8D11-00A0C91BC942}") = "Splitter", "code\CH3\CH301\Splitter\Splitter.vcxproj", "{810E0FC8-5034-3304-A4F1-8AF078C3CC5D}"
EndProject
Project("{8BC9CEB8-8B4A-11D0-8D11-00A0C91BC942}") = "DockWindows", "code\CH3\CH302\DockWindows\DockWindows.vcxproj", "{B8371D56-26D2-3C32-898D-8B603BDD24EA}"
EndProject
Project("{8BC9CEB8-8B4A-11D0-8D11-00A0C91BC942}") = "StackedWidget", "code\CH3\CH303\StackedWidget\StackedWidget.vcxproj", "{72C45AB0-8276-357E-BBB1-122C6016EE2A}"
EndProject
Project("{8BC9CEB8-8B4A-11D0-8D11-00A0C91BC942}") = "UserInfo", "code\CH3\CH304\UserInfo\UserInfo.vcxproj", "{67EDFE64-6B32-36CB-8F41-76CDCB43E674}"
EndProject
Project("{8BC9CEB8-8B4A-11D0-8D11-00A0C91BC942}") = "Example", "code\CH3\CH305\Example\Example.vcxproj", "{AF5AC4BA-D4BF-3FFF-B521-A496605D197D}"
EndProject
Project("{2150E333-8FDC-42A3-9474-1A3956D46DE8}") = "第04章 Qt 5基本对话框", "第04章 Qt 5基本对话框", "{426EAB8C-010E-436D-8A81-4B7BE579B73F}"
EndProject
Project("{8BC9CEB8-8B4A-11D0-8D11-00A0C91BC942}") = "DialogExample", "code\CH4\CH401\DialogExample\DialogExample.vcxproj", "{30E49627-9E24-3AB7-853D-E4ECECC88FA5}"
EndProject
Project("{8BC9CEB8-8B4A-11D0-8D11-00A0C91BC942}") = "MyQQExample", "code\CH4\CH402\MyQQExample\MyQQExample.vcxproj", "{3BC63651-943C-3828-9804-4ED7D7F80B48}"
EndProject
Project("{8BC9CEB8-8B4A-11D0-8D11-00A0C91BC942}") = "Progress", "code\CH4\CH403\Progress\Progress.vcxproj", "{F06AE332-F1BC-3D0C-B80E-50DEBF8F4375}"
EndProject
Project("{8BC9CEB8-8B4A-11D0-8D11-00A0C91BC942}") = "Palette", "code\CH4\CH404\Palette\Palette.vcxproj", "{A5258DE8-4AAE-3346-ABFE-F633A5FAC3DA}"
EndProject
Project("{8BC9CEB8-8B4A-11D0-8D11-00A0C91BC942}") = "Clock", "code\CH4\CH405\Clock\Clock.vcxproj", "{3CF3637C-4B29-3C2E-8741-B4F6EF994D8A}"
EndProject
Project("{8BC9CEB8-8B4A-11D0-8D11-00A0C91BC942}") = "ExtensionDlg", "code\CH4\CH406\ExtensionDlg\ExtensionDlg.vcxproj", "{F35D6BA0-1B14-3652-910F-2B93B8B94E8F}"
EndProject
Project("{8BC9CEB8-8B4A-11D0-8D11-00A0C91BC942}") = "ShapeWidget", "code\CH4\CH407\ShapeWidget\ShapeWidget.vcxproj", "{A18187BA-E8AD-3EEF-A34C-174241EDD26F}"
EndProject
Project("{8BC9CEB8-8B4A-11D0-8D11-00A0C91BC942}") = "SplashSreen", "code\CH4\CH408\SplashSreen\SplashSreen.vcxproj", "{F3BDBFEE-75FF-353E-B028-C06AAFE5C2A9}"
EndProject
Project("{2150E333-8FDC-42A3-9474-1A3956D46DE8}") = "第05章 Qt 5主窗体", "第05章 Qt 5主窗体", "{E64EB8A9-694E-441D-92E5-88FB67F21156}"
EndProject
Project("{8BC9CEB8-8B4A-11D0-8D11-00A0C91BC942}") = "ImageProcessor", "code\CH5\CH501\ImageProcessor\ImageProcessor.vcxproj", "{FA7231B4-CC5D-3A87-BFAA-96AAC38336CA}"
EndProject
Project("{2150E333-8FDC-42A3-9474-1A3956D46DE8}") = "第06章 Qt 5图形与图画", "第06章 Qt 5图形与图画", "{30C61D6D-6F29-48FA-99B4-1A255E3115CD}"
EndProject
Project("{8BC9CEB8-8B4A-11D0-8D11-00A0C91BC942}") = "SVGTest", "code\CH6\CH604\SVGTest\SVGTest.vcxproj", "{17DEE9D5-E061-3E08-8E89-619E8D73341A}"
EndProject
Project("{8BC9CEB8-8B4A-11D0-8D11-00A0C91BC942}") = "DrawWidget", "code\CH6\CH603\DrawWidget\DrawWidget.vcxproj", "{53A87C12-985D-3BB0-B156-1DEA8CCED2E9}"
EndProject
Project("{8BC9CEB8-8B4A-11D0-8D11-00A0C91BC942}") = "PaintEx", "code\CH6\CH602\PaintEx\PaintEx.vcxproj", "{B8DD2EC7-7300-3AE4-865C-80A754F35634}"
EndProject
Project("{8BC9CEB8-8B4A-11D0-8D11-00A0C91BC942}") = "Geometry", "code\CH6\CH601\Geometry\Geometry.vcxproj", "{0E96E9C0-BF0D-394D-B623-3125B650ADEA}"
EndProject
Project("{2150E333-8FDC-42A3-9474-1A3956D46DE8}") = "第07章 Qt 5图形视图框架", "第07章 Qt 5图形视图框架", "{A6BFFC1F-24B3-4FCF-80E6-9B58FA4808DE}"
EndProject
Project("{8BC9CEB8-8B4A-11D0-8D11-00A0C91BC942}") = "ItemWidget", "code\CH7\CH704\ItemWidget\ItemWidget.vcxproj", "{C98E2DEA-BAE8-3519-BE42-8F56AF43E15E}"
EndProject
Project("{8BC9CEB8-8B4A-11D0-8D11-00A0C91BC942}") = "GraphicsItem", "code\CH7\CH703\GraphicsItem\GraphicsItem.vcxproj", "{5151B3BE-C981-39A7-A3EE-028BAE93AA11}"
EndProject
Project("{8BC9CEB8-8B4A-11D0-8D11-00A0C91BC942}") = "MapWidget", "code\CH7\CH702\MapWidget\MapWidget.vcxproj", "{600CF3D3-9D66-3BD0-9A9B-63DA713040A6}"
EndProject
Project("{8BC9CEB8-8B4A-11D0-8D11-00A0C91BC942}") = "Butterfly", "code\CH7\CH701\Butterfly\Butterfly.vcxproj", "{DE3B2953-AC07-3907-A456-A0EB31DD8EA5}"
EndProject
Project("{2150E333-8FDC-42A3-9474-1A3956D46DE8}") = "第08章 Qt 5模型／视图结构", "第08章 Qt 5模型／视图结构", "{EFFC5ED2-7D2A-4A79-BB5B-4559902CA65D}"
EndProject
Project("{8BC9CEB8-8B4A-11D0-8D11-00A0C91BC942}") = "DateDelegate", "code\CH8\CH804\DateDelegate\DateDelegate.vcxproj", "{06D5ADE8-7BE6-3833-AC02-65D0AE923084}"
EndProject
Project("{8BC9CEB8-8B4A-11D0-8D11-00A0C91BC942}") = "ViewEx", "code\CH8\CH803\ViewEx\ViewEx.vcxproj", "{1FD580FA-74F0-39EB-84AA-AB698B92DB6C}"
EndProject
Project("{8BC9CEB8-8B4A-11D0-8D11-00A0C91BC942}") = "ModelEx", "code\CH8\CH802\ModelEx\ModelEx.vcxproj", "{1CBE132C-2133-3398-BB4D-BFC96A1C9F2A}"
EndProject
Project("{8BC9CEB8-8B4A-11D0-8D11-00A0C91BC942}") = "DirModeEx", "code\CH8\CH801\DirModeEx\DirModeEx.vcxproj", "{34BF6EDC-1A67-3CB0-823C-AE0D4B60FD78}"
EndProject
Project("{2150E333-8FDC-42A3-9474-1A3956D46DE8}") = "第09章 Qt 5文件及磁盘处理", "第09章 Qt 5文件及磁盘处理", "{C81E9D32-8A0B-4187-A371-51F7D6B07918}"
EndProject
Project("{8BC9CEB8-8B4A-11D0-8D11-00A0C91BC942}") = "fileWatcher", "code\CH9\CH907\fileWatcher\fileWatcher.vcxproj", "{86B3ED32-F6EE-3821-AFF2-32923CA38844}"
EndProject
Project("{8BC9CEB8-8B4A-11D0-8D11-00A0C91BC942}") = "FileInfo", "code\CH9\CH906\FileInfo\FileInfo.vcxproj", "{03F46A04-F35F-3D5D-B17F-A516166A82E2}"
EndProject
Project("{8BC9CEB8-8B4A-11D0-8D11-00A0C91BC942}") = "FileView", "code\CH9\CH905\FileView\FileView.vcxproj", "{8BD0B557-6FF1-3FF7-988A-50BD8F34313D}"
EndProject
Project("{8BC9CEB8-8B4A-11D0-8D11-00A0C91BC942}") = "dirProcess", "code\CH9\CH904\dirProcess\dirProcess.vcxproj", "{4DD7CB56-7620-3F66-9DB2-B90D839D45A1}"
EndProject
Project("{8BC9CEB8-8B4A-11D0-8D11-00A0C91BC942}") = "binaryFile", "code\CH9\CH903\binaryFile\binaryFile.vcxproj", "{D803CF5B-5977-3810-9C04-290DA2215A2D}"
EndProject
Project("{8BC9CEB8-8B4A-11D0-8D11-00A0C91BC942}") = "TextFile2", "code\CH9\CH902\TextFile2\TextFile2.vcxproj", "{AC2817D9-66A9-3507-874C-6616291F933D}"
EndProject
Project("{8BC9CEB8-8B4A-11D0-8D11-00A0C91BC942}") = "TextFile", "code\CH9\CH901\TextFile\TextFile.vcxproj", "{C37A13A0-311A-3488-B2C8-314ACB0C7C8C}"
EndProject
Project("{2150E333-8FDC-42A3-9474-1A3956D46DE8}") = "第10章 Qt 5网络与通信", "第10章 Qt 5网络与通信", "{021F8B99-EA53-4EC2-B973-9894976C029F}"
EndProject
Project("{8BC9CEB8-8B4A-11D0-8D11-00A0C91BC942}") = "myHTTP", "code\CH10\CH1006\myHTTP\myHTTP.vcxproj", "{06DD522D-6724-3741-8B8D-E00F72DCC88A}"
EndProject
Project("{8BC9CEB8-8B4A-11D0-8D11-00A0C91BC942}") = "TcpClient", "code\CH10\CH1005\TcpClient\TcpClient.vcxproj", "{9852F1E5-E3A6-3270-8458-3A33115ECCAA}"
EndProject
Project("{8BC9CEB8-8B4A-11D0-8D11-00A0C91BC942}") = "TcpServer", "code\CH10\CH1004\TcpServer\TcpServer.vcxproj", "{A61D94EC-3AE8-3674-8740-0D66E079124D}"
EndProject
Project("{8BC9CEB8-8B4A-11D0-8D11-00A0C91BC942}") = "UdpClient", "code\CH10\CH1003\UdpClient\UdpClient.vcxproj", "{E616FD4B-4E7C-37D2-AD4A-267452A2B383}"
EndProject
Project("{8BC9CEB8-8B4A-11D0-8D11-00A0C91BC942}") = "UdpServer", "code\CH10\CH1002\UdpServer\UdpServer.vcxproj", "{A46A061D-82CB-3941-BE7D-1BC6E9BC9AD8}"
EndProject
Project("{8BC9CEB8-8B4A-11D0-8D11-00A0C91BC942}") = "NetworkInformation", "code\CH10\CH1001\NetworkInformation\NetworkInformation.vcxproj", "{0F50EA82-7F7A-3490-8679-FBBC200B6796}"
EndProject
Project("{2150E333-8FDC-42A3-9474-1A3956D46DE8}") = "第11章 Qt 5事件处理", "第11章 Qt 5事件处理", "{1FC48A2A-D54C-430A-8111-050B4DF14C2E}"
EndProject
Project("{2150E333-8FDC-42A3-9474-1A3956D46DE8}") = "第12章 Qt 5多线程", "第12章 Qt 5多线程", "{DB4E7543-0AD9-430F-87C5-1E42A0CCBF17}"
EndProject
Project("{2150E333-8FDC-42A3-9474-1A3956D46DE8}") = "第13章 Qt 5数据库", "第13章 Qt 5数据库", "{96C090C0-B195-4472-9713-D72F0DCD272E}"
EndProject
Project("{2150E333-8FDC-42A3-9474-1A3956D46DE8}") = "第14章 Qt 5多国语言国际化", "第14章 Qt 5多国语言国际化", "{7DF31F9A-4741-4D14-BA08-8BA9CD693B07}"
EndProject
Project("{2150E333-8FDC-42A3-9474-1A3956D46DE8}") = "第15章 Qt 5单元测试框架", "第15章 Qt 5单元测试框架", "{C25965B9-655C-493A-864F-3D343C2A8E1A}"
EndProject
Project("{2150E333-8FDC-42A3-9474-1A3956D46DE8}") = "第16章 Qt 5综合实例：汽车销售管理系统", "第16章 Qt 5综合实例：汽车销售管理系统", "{ED327EB7-8A26-4FC3-8885-13F3F2FA297A}"
EndProject
Project("{2150E333-8FDC-42A3-9474-1A3956D46DE8}") = "第17章 Qt 5综合实例：Qt版Word字处理程序", "第17章 Qt 5综合实例：Qt版Word字处理程序", "{46FAAB14-65CA-42CC-B234-00172948854E}"
EndProject
Project("{2150E333-8FDC-42A3-9474-1A3956D46DE8}") = "第18章 Qt 5综合实例：Qt版聊天软件", "第18章 Qt 5综合实例：Qt版聊天软件", "{19587CAE-96B1-46DA-9ABC-E8FDE26F33C1}"
EndProject
Project("{8BC9CEB8-8B4A-11D0-8D11-00A0C91BC942}") = "EventFilter", "code\CH11\CH1103\EventFilter\EventFilter.vcxproj", "{335D285A-6C0D-3250-9E71-C675F85F8CDB}"
EndProject
Project("{8BC9CEB8-8B4A-11D0-8D11-00A0C91BC942}") = "KeyEvent", "code\CH11\CH1102\KeyEvent\KeyEvent.vcxproj", "{8ED95C1E-C51D-3824-930B-8587D048FE85}"
EndProject
Project("{8BC9CEB8-8B4A-11D0-8D11-00A0C91BC942}") = "MouseEvent", "code\CH11\CH1101\MouseEvent\MouseEvent.vcxproj", "{4AFC9281-5AE8-3E65-9F4C-FB4CD233EEA4}"
EndProject
Project("{8BC9CEB8-8B4A-11D0-8D11-00A0C91BC942}") = "TimeClient", "code\CH12\CH1205\TimeClient\TimeClient.vcxproj", "{06152E39-B32E-35E4-85EA-481BF359F6C9}"
EndProject
Project("{8BC9CEB8-8B4A-11D0-8D11-00A0C91BC942}") = "TimeServer", "code\CH12\CH1204\TimeServer\TimeServer.vcxproj", "{EE39D3C5-64A9-3DE2-B09C-D2B42C3C8CA4}"
EndProject
Project("{8BC9CEB8-8B4A-11D0-8D11-00A0C91BC942}") = "WaitCondition", "code\CH12\CH1203\WaitCondition\WaitCondition.vcxproj", "{0C0E20AA-7B5F-3BD0-A01B-F7E336C4D842}"
EndProject
Project("{8BC9CEB8-8B4A-11D0-8D11-00A0C91BC942}") = "Semaphore", "code\CH12\CH1202\Semaphore\Semaphore.vcxproj", "{36159B6A-937D-378A-8A8E-2B5AFF2A6F17}"
EndProject
Project("{8BC9CEB8-8B4A-11D0-8D11-00A0C91BC942}") = "ThreadDlg", "code\CH12\CH1201\ThreadDlg\ThreadDlg.vcxproj", "{529DB1FD-C9F9-3707-B0BE-812C9919C900}"
EndProject
Project("{8BC9CEB8-8B4A-11D0-8D11-00A0C91BC942}") = "SQLEx", "code\CH13\CH1302\SQLEx\SQLEx.vcxproj", "{0035BE0A-2740-3E0E-AB78-C9CB8398A245}"
EndProject
Project("{8BC9CEB8-8B4A-11D0-8D11-00A0C91BC942}") = "QSQLiteEx", "code\CH13\CH1301\QSQLiteEx\QSQLiteEx.vcxproj", "{C1A3CE09-B2AD-3ACB-9EBD-D7B0560CC727}"
EndProject
Project("{8BC9CEB8-8B4A-11D0-8D11-00A0C91BC942}") = "TestHello", "code\CH14\CH1401\TestHello\TestHello.vcxproj", "{1889D36E-C575-3165-8888-513EF64DE75A}"
EndProject
Project("{8BC9CEB8-8B4A-11D0-8D11-00A0C91BC942}") = "LangSwitch", "code\CH14\CH1402\LangSwitch\LangSwitch.vcxproj", "{7D3D79B6-857C-35A2-98AA-038AA83CF2B4}"
EndProject
Project("{8BC9CEB8-8B4A-11D0-8D11-00A0C91BC942}") = "TestQString2", "code\CH15\CH1504\TestQString2\TestQString2.vcxproj", "{F697620C-47F5-306F-AB13-227C6F91FD1E}"
EndProject
Project("{8BC9CEB8-8B4A-11D0-8D11-00A0C91BC942}") = "AreaTest2", "code\CH15\CH1503\AreaTest2\AreaTest2.vcxproj", "{CF50E626-B7E8-3660-B77B-F56405BB6D40}"
EndProject
Project("{8BC9CEB8-8B4A-11D0-8D11-00A0C91BC942}") = "TestQString", "code\CH15\CH1502\TestQString\TestQString.vcxproj", "{FCEB9FD7-4B68-3EA1-8432-5D5D23F1A767}"
EndProject
Project("{8BC9CEB8-8B4A-11D0-8D11-00A0C91BC942}") = "AreaTest", "code\CH15\CH1501\AreaTest\AreaTest.vcxproj", "{0A7216C6-7D69-3862-A0B4-B24BE125EA29}"
EndProject
Project("{8BC9CEB8-8B4A-11D0-8D11-00A0C91BC942}") = "manager", "code\CH16\manager\manager.vcxproj", "{65720CFC-9D83-3578-AB27-0004F2FF8DFE}"
EndProject
Project("{8BC9CEB8-8B4A-11D0-8D11-00A0C91BC942}") = "MyselfWord", "code\CH17\MyselfWord\MyselfWord.vcxproj", "{A4ADB9BA-AB66-325C-A742-27D861186F51}"
EndProject
Project("{8BC9CEB8-8B4A-11D0-8D11-00A0C91BC942}") = "MyselfQQ", "code\CH18\MyselfQQ\MyselfQQ.vcxproj", "{D03A45DB-7B44-3F6C-8415-84D612A09B6E}"
EndProject
Project("{8BC9CEB8-8B4A-11D0-8D11-00A0C91BC942}") = "Area", "code\CHflB\Area\Area.vcxproj", "{AFDC7EE4-8290-3EAD-BA1F-5D8BFD1F790E}"
EndProject
Project("{2150E333-8FDC-42A3-9474-1A3956D46DE8}") = "附录 Qt 5调试", "附录 Qt 5调试", "{F10D8487-16F2-4F9A-B449-C7DD86CA07B7}"
EndProject
Global
	GlobalSection(SolutionConfigurationPlatforms) = preSolution
		Debug|x64 = Debug|x64
		Release|x64 = Release|x64
	EndGlobalSection
	GlobalSection(ProjectConfigurationPlatforms) = postSolution
		{C96FA381-D17E-3E72-ABA3-4173503AF272}.Debug|x64.ActiveCfg = Debug|x64
		{C96FA381-D17E-3E72-ABA3-4173503AF272}.Debug|x64.Build.0 = Debug|x64
		{C96FA381-D17E-3E72-ABA3-4173503AF272}.Release|x64.ActiveCfg = Release|x64
		{C96FA381-D17E-3E72-ABA3-4173503AF272}.Release|x64.Build.0 = Release|x64
		{F805770F-F2EB-36B3-95B6-54A955E8D893}.Debug|x64.ActiveCfg = Debug|x64
		{F805770F-F2EB-36B3-95B6-54A955E8D893}.Debug|x64.Build.0 = Debug|x64
		{F805770F-F2EB-36B3-95B6-54A955E8D893}.Release|x64.ActiveCfg = Release|x64
		{F805770F-F2EB-36B3-95B6-54A955E8D893}.Release|x64.Build.0 = Release|x64
		{1B19FBD6-88DE-3D57-871C-3133A291877F}.Debug|x64.ActiveCfg = Debug|x64
		{1B19FBD6-88DE-3D57-871C-3133A291877F}.Debug|x64.Build.0 = Debug|x64
		{1B19FBD6-88DE-3D57-871C-3133A291877F}.Release|x64.ActiveCfg = Release|x64
		{1B19FBD6-88DE-3D57-871C-3133A291877F}.Release|x64.Build.0 = Release|x64
		{82DB8F78-B33D-37CC-8DAE-FE3B71F12CEC}.Debug|x64.ActiveCfg = Debug|x64
		{82DB8F78-B33D-37CC-8DAE-FE3B71F12CEC}.Debug|x64.Build.0 = Debug|x64
		{82DB8F78-B33D-37CC-8DAE-FE3B71F12CEC}.Release|x64.ActiveCfg = Release|x64
		{82DB8F78-B33D-37CC-8DAE-FE3B71F12CEC}.Release|x64.Build.0 = Release|x64
		{D3EDBEBB-D45A-307B-93C8-2B1CE46FCD22}.Debug|x64.ActiveCfg = Debug|x64
		{D3EDBEBB-D45A-307B-93C8-2B1CE46FCD22}.Debug|x64.Build.0 = Debug|x64
		{D3EDBEBB-D45A-307B-93C8-2B1CE46FCD22}.Release|x64.ActiveCfg = Release|x64
		{D3EDBEBB-D45A-307B-93C8-2B1CE46FCD22}.Release|x64.Build.0 = Release|x64
		{BA4D613F-3F88-32CF-92BB-3F9BC910E55D}.Debug|x64.ActiveCfg = Debug|x64
		{BA4D613F-3F88-32CF-92BB-3F9BC910E55D}.Debug|x64.Build.0 = Debug|x64
		{BA4D613F-3F88-32CF-92BB-3F9BC910E55D}.Release|x64.ActiveCfg = Release|x64
		{BA4D613F-3F88-32CF-92BB-3F9BC910E55D}.Release|x64.Build.0 = Release|x64
		{A6B91A38-1BFD-3F27-B49F-F509BDF85D8E}.Debug|x64.ActiveCfg = Debug|x64
		{A6B91A38-1BFD-3F27-B49F-F509BDF85D8E}.Debug|x64.Build.0 = Debug|x64
		{A6B91A38-1BFD-3F27-B49F-F509BDF85D8E}.Release|x64.ActiveCfg = Release|x64
		{A6B91A38-1BFD-3F27-B49F-F509BDF85D8E}.Release|x64.Build.0 = Release|x64
		{8347F277-6ECF-3F74-9EF3-E3AF8730A873}.Debug|x64.ActiveCfg = Debug|x64
		{8347F277-6ECF-3F74-9EF3-E3AF8730A873}.Debug|x64.Build.0 = Debug|x64
		{8347F277-6ECF-3F74-9EF3-E3AF8730A873}.Release|x64.ActiveCfg = Release|x64
		{8347F277-6ECF-3F74-9EF3-E3AF8730A873}.Release|x64.Build.0 = Release|x64
		{06ED0940-AD90-3769-B24E-12C5DA520B5D}.Debug|x64.ActiveCfg = Debug|x64
		{06ED0940-AD90-3769-B24E-12C5DA520B5D}.Debug|x64.Build.0 = Debug|x64
		{06ED0940-AD90-3769-B24E-12C5DA520B5D}.Release|x64.ActiveCfg = Release|x64
		{06ED0940-AD90-3769-B24E-12C5DA520B5D}.Release|x64.Build.0 = Release|x64
		{0E33657A-917C-35C5-A518-F8BB69662305}.Debug|x64.ActiveCfg = Debug|x64
		{0E33657A-917C-35C5-A518-F8BB69662305}.Debug|x64.Build.0 = Debug|x64
		{0E33657A-917C-35C5-A518-F8BB69662305}.Release|x64.ActiveCfg = Release|x64
		{0E33657A-917C-35C5-A518-F8BB69662305}.Release|x64.Build.0 = Release|x64
		{4AC79525-CE0E-37FB-B5E5-03711C63EA11}.Debug|x64.ActiveCfg = Debug|x64
		{4AC79525-CE0E-37FB-B5E5-03711C63EA11}.Debug|x64.Build.0 = Debug|x64
		{4AC79525-CE0E-37FB-B5E5-03711C63EA11}.Release|x64.ActiveCfg = Release|x64
		{4AC79525-CE0E-37FB-B5E5-03711C63EA11}.Release|x64.Build.0 = Release|x64
		{810E0FC8-5034-3304-A4F1-8AF078C3CC5D}.Debug|x64.ActiveCfg = Debug|x64
		{810E0FC8-5034-3304-A4F1-8AF078C3CC5D}.Debug|x64.Build.0 = Debug|x64
		{810E0FC8-5034-3304-A4F1-8AF078C3CC5D}.Release|x64.ActiveCfg = Release|x64
		{810E0FC8-5034-3304-A4F1-8AF078C3CC5D}.Release|x64.Build.0 = Release|x64
		{B8371D56-26D2-3C32-898D-8B603BDD24EA}.Debug|x64.ActiveCfg = Debug|x64
		{B8371D56-26D2-3C32-898D-8B603BDD24EA}.Debug|x64.Build.0 = Debug|x64
		{B8371D56-26D2-3C32-898D-8B603BDD24EA}.Release|x64.ActiveCfg = Release|x64
		{B8371D56-26D2-3C32-898D-8B603BDD24EA}.Release|x64.Build.0 = Release|x64
		{72C45AB0-8276-357E-BBB1-122C6016EE2A}.Debug|x64.ActiveCfg = Debug|x64
		{72C45AB0-8276-357E-BBB1-122C6016EE2A}.Debug|x64.Build.0 = Debug|x64
		{72C45AB0-8276-357E-BBB1-122C6016EE2A}.Release|x64.ActiveCfg = Release|x64
		{72C45AB0-8276-357E-BBB1-122C6016EE2A}.Release|x64.Build.0 = Release|x64
		{67EDFE64-6B32-36CB-8F41-76CDCB43E674}.Debug|x64.ActiveCfg = Debug|x64
		{67EDFE64-6B32-36CB-8F41-76CDCB43E674}.Debug|x64.Build.0 = Debug|x64
		{67EDFE64-6B32-36CB-8F41-76CDCB43E674}.Release|x64.ActiveCfg = Release|x64
		{67EDFE64-6B32-36CB-8F41-76CDCB43E674}.Release|x64.Build.0 = Release|x64
		{AF5AC4BA-D4BF-3FFF-B521-A496605D197D}.Debug|x64.ActiveCfg = Debug|x64
		{AF5AC4BA-D4BF-3FFF-B521-A496605D197D}.Debug|x64.Build.0 = Debug|x64
		{AF5AC4BA-D4BF-3FFF-B521-A496605D197D}.Release|x64.ActiveCfg = Release|x64
		{AF5AC4BA-D4BF-3FFF-B521-A496605D197D}.Release|x64.Build.0 = Release|x64
		{30E49627-9E24-3AB7-853D-E4ECECC88FA5}.Debug|x64.ActiveCfg = Debug|x64
		{30E49627-9E24-3AB7-853D-E4ECECC88FA5}.Debug|x64.Build.0 = Debug|x64
		{30E49627-9E24-3AB7-853D-E4ECECC88FA5}.Release|x64.ActiveCfg = Release|x64
		{30E49627-9E24-3AB7-853D-E4ECECC88FA5}.Release|x64.Build.0 = Release|x64
		{3BC63651-943C-3828-9804-4ED7D7F80B48}.Debug|x64.ActiveCfg = Debug|x64
		{3BC63651-943C-3828-9804-4ED7D7F80B48}.Debug|x64.Build.0 = Debug|x64
		{3BC63651-943C-3828-9804-4ED7D7F80B48}.Release|x64.ActiveCfg = Release|x64
		{3BC63651-943C-3828-9804-4ED7D7F80B48}.Release|x64.Build.0 = Release|x64
		{F06AE332-F1BC-3D0C-B80E-50DEBF8F4375}.Debug|x64.ActiveCfg = Debug|x64
		{F06AE332-F1BC-3D0C-B80E-50DEBF8F4375}.Debug|x64.Build.0 = Debug|x64
		{F06AE332-F1BC-3D0C-B80E-50DEBF8F4375}.Release|x64.ActiveCfg = Release|x64
		{F06AE332-F1BC-3D0C-B80E-50DEBF8F4375}.Release|x64.Build.0 = Release|x64
		{A5258DE8-4AAE-3346-ABFE-F633A5FAC3DA}.Debug|x64.ActiveCfg = Debug|x64
		{A5258DE8-4AAE-3346-ABFE-F633A5FAC3DA}.Debug|x64.Build.0 = Debug|x64
		{A5258DE8-4AAE-3346-ABFE-F633A5FAC3DA}.Release|x64.ActiveCfg = Release|x64
		{A5258DE8-4AAE-3346-ABFE-F633A5FAC3DA}.Release|x64.Build.0 = Release|x64
		{3CF3637C-4B29-3C2E-8741-B4F6EF994D8A}.Debug|x64.ActiveCfg = Debug|x64
		{3CF3637C-4B29-3C2E-8741-B4F6EF994D8A}.Debug|x64.Build.0 = Debug|x64
		{3CF3637C-4B29-3C2E-8741-B4F6EF994D8A}.Release|x64.ActiveCfg = Release|x64
		{3CF3637C-4B29-3C2E-8741-B4F6EF994D8A}.Release|x64.Build.0 = Release|x64
		{F35D6BA0-1B14-3652-910F-2B93B8B94E8F}.Debug|x64.ActiveCfg = Debug|x64
		{F35D6BA0-1B14-3652-910F-2B93B8B94E8F}.Debug|x64.Build.0 = Debug|x64
		{F35D6BA0-1B14-3652-910F-2B93B8B94E8F}.Release|x64.ActiveCfg = Release|x64
		{F35D6BA0-1B14-3652-910F-2B93B8B94E8F}.Release|x64.Build.0 = Release|x64
		{A18187BA-E8AD-3EEF-A34C-174241EDD26F}.Debug|x64.ActiveCfg = Debug|x64
		{A18187BA-E8AD-3EEF-A34C-174241EDD26F}.Debug|x64.Build.0 = Debug|x64
		{A18187BA-E8AD-3EEF-A34C-174241EDD26F}.Release|x64.ActiveCfg = Release|x64
		{A18187BA-E8AD-3EEF-A34C-174241EDD26F}.Release|x64.Build.0 = Release|x64
		{F3BDBFEE-75FF-353E-B028-C06AAFE5C2A9}.Debug|x64.ActiveCfg = Debug|x64
		{F3BDBFEE-75FF-353E-B028-C06AAFE5C2A9}.Debug|x64.Build.0 = Debug|x64
		{F3BDBFEE-75FF-353E-B028-C06AAFE5C2A9}.Release|x64.ActiveCfg = Release|x64
		{F3BDBFEE-75FF-353E-B028-C06AAFE5C2A9}.Release|x64.Build.0 = Release|x64
		{FA7231B4-CC5D-3A87-BFAA-96AAC38336CA}.Debug|x64.ActiveCfg = Debug|x64
		{FA7231B4-CC5D-3A87-BFAA-96AAC38336CA}.Debug|x64.Build.0 = Debug|x64
		{FA7231B4-CC5D-3A87-BFAA-96AAC38336CA}.Release|x64.ActiveCfg = Release|x64
		{FA7231B4-CC5D-3A87-BFAA-96AAC38336CA}.Release|x64.Build.0 = Release|x64
		{17DEE9D5-E061-3E08-8E89-619E8D73341A}.Debug|x64.ActiveCfg = Debug|x64
		{17DEE9D5-E061-3E08-8E89-619E8D73341A}.Debug|x64.Build.0 = Debug|x64
		{17DEE9D5-E061-3E08-8E89-619E8D73341A}.Release|x64.ActiveCfg = Release|x64
		{17DEE9D5-E061-3E08-8E89-619E8D73341A}.Release|x64.Build.0 = Release|x64
		{53A87C12-985D-3BB0-B156-1DEA8CCED2E9}.Debug|x64.ActiveCfg = Debug|x64
		{53A87C12-985D-3BB0-B156-1DEA8CCED2E9}.Debug|x64.Build.0 = Debug|x64
		{53A87C12-985D-3BB0-B156-1DEA8CCED2E9}.Release|x64.ActiveCfg = Release|x64
		{53A87C12-985D-3BB0-B156-1DEA8CCED2E9}.Release|x64.Build.0 = Release|x64
		{B8DD2EC7-7300-3AE4-865C-80A754F35634}.Debug|x64.ActiveCfg = Debug|x64
		{B8DD2EC7-7300-3AE4-865C-80A754F35634}.Debug|x64.Build.0 = Debug|x64
		{B8DD2EC7-7300-3AE4-865C-80A754F35634}.Release|x64.ActiveCfg = Release|x64
		{B8DD2EC7-7300-3AE4-865C-80A754F35634}.Release|x64.Build.0 = Release|x64
		{0E96E9C0-BF0D-394D-B623-3125B650ADEA}.Debug|x64.ActiveCfg = Debug|x64
		{0E96E9C0-BF0D-394D-B623-3125B650ADEA}.Debug|x64.Build.0 = Debug|x64
		{0E96E9C0-BF0D-394D-B623-3125B650ADEA}.Release|x64.ActiveCfg = Release|x64
		{0E96E9C0-BF0D-394D-B623-3125B650ADEA}.Release|x64.Build.0 = Release|x64
		{C98E2DEA-BAE8-3519-BE42-8F56AF43E15E}.Debug|x64.ActiveCfg = Debug|x64
		{C98E2DEA-BAE8-3519-BE42-8F56AF43E15E}.Debug|x64.Build.0 = Debug|x64
		{C98E2DEA-BAE8-3519-BE42-8F56AF43E15E}.Release|x64.ActiveCfg = Release|x64
		{C98E2DEA-BAE8-3519-BE42-8F56AF43E15E}.Release|x64.Build.0 = Release|x64
		{5151B3BE-C981-39A7-A3EE-028BAE93AA11}.Debug|x64.ActiveCfg = Debug|x64
		{5151B3BE-C981-39A7-A3EE-028BAE93AA11}.Debug|x64.Build.0 = Debug|x64
		{5151B3BE-C981-39A7-A3EE-028BAE93AA11}.Release|x64.ActiveCfg = Release|x64
		{5151B3BE-C981-39A7-A3EE-028BAE93AA11}.Release|x64.Build.0 = Release|x64
		{600CF3D3-9D66-3BD0-9A9B-63DA713040A6}.Debug|x64.ActiveCfg = Debug|x64
		{600CF3D3-9D66-3BD0-9A9B-63DA713040A6}.Debug|x64.Build.0 = Debug|x64
		{600CF3D3-9D66-3BD0-9A9B-63DA713040A6}.Release|x64.ActiveCfg = Release|x64
		{600CF3D3-9D66-3BD0-9A9B-63DA713040A6}.Release|x64.Build.0 = Release|x64
		{DE3B2953-AC07-3907-A456-A0EB31DD8EA5}.Debug|x64.ActiveCfg = Debug|x64
		{DE3B2953-AC07-3907-A456-A0EB31DD8EA5}.Debug|x64.Build.0 = Debug|x64
		{DE3B2953-AC07-3907-A456-A0EB31DD8EA5}.Release|x64.ActiveCfg = Release|x64
		{DE3B2953-AC07-3907-A456-A0EB31DD8EA5}.Release|x64.Build.0 = Release|x64
		{06D5ADE8-7BE6-3833-AC02-65D0AE923084}.Debug|x64.ActiveCfg = Debug|x64
		{06D5ADE8-7BE6-3833-AC02-65D0AE923084}.Debug|x64.Build.0 = Debug|x64
		{06D5ADE8-7BE6-3833-AC02-65D0AE923084}.Release|x64.ActiveCfg = Release|x64
		{06D5ADE8-7BE6-3833-AC02-65D0AE923084}.Release|x64.Build.0 = Release|x64
		{1FD580FA-74F0-39EB-84AA-AB698B92DB6C}.Debug|x64.ActiveCfg = Debug|x64
		{1FD580FA-74F0-39EB-84AA-AB698B92DB6C}.Debug|x64.Build.0 = Debug|x64
		{1FD580FA-74F0-39EB-84AA-AB698B92DB6C}.Release|x64.ActiveCfg = Release|x64
		{1FD580FA-74F0-39EB-84AA-AB698B92DB6C}.Release|x64.Build.0 = Release|x64
		{1CBE132C-2133-3398-BB4D-BFC96A1C9F2A}.Debug|x64.ActiveCfg = Debug|x64
		{1CBE132C-2133-3398-BB4D-BFC96A1C9F2A}.Debug|x64.Build.0 = Debug|x64
		{1CBE132C-2133-3398-BB4D-BFC96A1C9F2A}.Release|x64.ActiveCfg = Release|x64
		{1CBE132C-2133-3398-BB4D-BFC96A1C9F2A}.Release|x64.Build.0 = Release|x64
		{34BF6EDC-1A67-3CB0-823C-AE0D4B60FD78}.Debug|x64.ActiveCfg = Debug|x64
		{34BF6EDC-1A67-3CB0-823C-AE0D4B60FD78}.Debug|x64.Build.0 = Debug|x64
		{34BF6EDC-1A67-3CB0-823C-AE0D4B60FD78}.Release|x64.ActiveCfg = Release|x64
		{34BF6EDC-1A67-3CB0-823C-AE0D4B60FD78}.Release|x64.Build.0 = Release|x64
		{86B3ED32-F6EE-3821-AFF2-32923CA38844}.Debug|x64.ActiveCfg = Debug|x64
		{86B3ED32-F6EE-3821-AFF2-32923CA38844}.Debug|x64.Build.0 = Debug|x64
		{86B3ED32-F6EE-3821-AFF2-32923CA38844}.Release|x64.ActiveCfg = Release|x64
		{86B3ED32-F6EE-3821-AFF2-32923CA38844}.Release|x64.Build.0 = Release|x64
		{03F46A04-F35F-3D5D-B17F-A516166A82E2}.Debug|x64.ActiveCfg = Debug|x64
		{03F46A04-F35F-3D5D-B17F-A516166A82E2}.Debug|x64.Build.0 = Debug|x64
		{03F46A04-F35F-3D5D-B17F-A516166A82E2}.Release|x64.ActiveCfg = Release|x64
		{03F46A04-F35F-3D5D-B17F-A516166A82E2}.Release|x64.Build.0 = Release|x64
		{8BD0B557-6FF1-3FF7-988A-50BD8F34313D}.Debug|x64.ActiveCfg = Debug|x64
		{8BD0B557-6FF1-3FF7-988A-50BD8F34313D}.Debug|x64.Build.0 = Debug|x64
		{8BD0B557-6FF1-3FF7-988A-50BD8F34313D}.Release|x64.ActiveCfg = Release|x64
		{8BD0B557-6FF1-3FF7-988A-50BD8F34313D}.Release|x64.Build.0 = Release|x64
		{4DD7CB56-7620-3F66-9DB2-B90D839D45A1}.Debug|x64.ActiveCfg = Debug|x64
		{4DD7CB56-7620-3F66-9DB2-B90D839D45A1}.Debug|x64.Build.0 = Debug|x64
		{4DD7CB56-7620-3F66-9DB2-B90D839D45A1}.Release|x64.ActiveCfg = Release|x64
		{4DD7CB56-7620-3F66-9DB2-B90D839D45A1}.Release|x64.Build.0 = Release|x64
		{D803CF5B-5977-3810-9C04-290DA2215A2D}.Debug|x64.ActiveCfg = Debug|x64
		{D803CF5B-5977-3810-9C04-290DA2215A2D}.Debug|x64.Build.0 = Debug|x64
		{D803CF5B-5977-3810-9C04-290DA2215A2D}.Release|x64.ActiveCfg = Release|x64
		{D803CF5B-5977-3810-9C04-290DA2215A2D}.Release|x64.Build.0 = Release|x64
		{AC2817D9-66A9-3507-874C-6616291F933D}.Debug|x64.ActiveCfg = Debug|x64
		{AC2817D9-66A9-3507-874C-6616291F933D}.Debug|x64.Build.0 = Debug|x64
		{AC2817D9-66A9-3507-874C-6616291F933D}.Release|x64.ActiveCfg = Release|x64
		{AC2817D9-66A9-3507-874C-6616291F933D}.Release|x64.Build.0 = Release|x64
		{C37A13A0-311A-3488-B2C8-314ACB0C7C8C}.Debug|x64.ActiveCfg = Debug|x64
		{C37A13A0-311A-3488-B2C8-314ACB0C7C8C}.Debug|x64.Build.0 = Debug|x64
		{C37A13A0-311A-3488-B2C8-314ACB0C7C8C}.Release|x64.ActiveCfg = Release|x64
		{C37A13A0-311A-3488-B2C8-314ACB0C7C8C}.Release|x64.Build.0 = Release|x64
		{06DD522D-6724-3741-8B8D-E00F72DCC88A}.Debug|x64.ActiveCfg = Debug|x64
		{06DD522D-6724-3741-8B8D-E00F72DCC88A}.Debug|x64.Build.0 = Debug|x64
		{06DD522D-6724-3741-8B8D-E00F72DCC88A}.Release|x64.ActiveCfg = Release|x64
		{06DD522D-6724-3741-8B8D-E00F72DCC88A}.Release|x64.Build.0 = Release|x64
		{9852F1E5-E3A6-3270-8458-3A33115ECCAA}.Debug|x64.ActiveCfg = Debug|x64
		{9852F1E5-E3A6-3270-8458-3A33115ECCAA}.Debug|x64.Build.0 = Debug|x64
		{9852F1E5-E3A6-3270-8458-3A33115ECCAA}.Release|x64.ActiveCfg = Release|x64
		{9852F1E5-E3A6-3270-8458-3A33115ECCAA}.Release|x64.Build.0 = Release|x64
		{A61D94EC-3AE8-3674-8740-0D66E079124D}.Debug|x64.ActiveCfg = Debug|x64
		{A61D94EC-3AE8-3674-8740-0D66E079124D}.Debug|x64.Build.0 = Debug|x64
		{A61D94EC-3AE8-3674-8740-0D66E079124D}.Release|x64.ActiveCfg = Release|x64
		{A61D94EC-3AE8-3674-8740-0D66E079124D}.Release|x64.Build.0 = Release|x64
		{E616FD4B-4E7C-37D2-AD4A-267452A2B383}.Debug|x64.ActiveCfg = Debug|x64
		{E616FD4B-4E7C-37D2-AD4A-267452A2B383}.Debug|x64.Build.0 = Debug|x64
		{E616FD4B-4E7C-37D2-AD4A-267452A2B383}.Release|x64.ActiveCfg = Release|x64
		{E616FD4B-4E7C-37D2-AD4A-267452A2B383}.Release|x64.Build.0 = Release|x64
		{A46A061D-82CB-3941-BE7D-1BC6E9BC9AD8}.Debug|x64.ActiveCfg = Debug|x64
		{A46A061D-82CB-3941-BE7D-1BC6E9BC9AD8}.Debug|x64.Build.0 = Debug|x64
		{A46A061D-82CB-3941-BE7D-1BC6E9BC9AD8}.Release|x64.ActiveCfg = Release|x64
		{A46A061D-82CB-3941-BE7D-1BC6E9BC9AD8}.Release|x64.Build.0 = Release|x64
		{0F50EA82-7F7A-3490-8679-FBBC200B6796}.Debug|x64.ActiveCfg = Debug|x64
		{0F50EA82-7F7A-3490-8679-FBBC200B6796}.Debug|x64.Build.0 = Debug|x64
		{0F50EA82-7F7A-3490-8679-FBBC200B6796}.Release|x64.ActiveCfg = Release|x64
		{0F50EA82-7F7A-3490-8679-FBBC200B6796}.Release|x64.Build.0 = Release|x64
		{335D285A-6C0D-3250-9E71-C675F85F8CDB}.Debug|x64.ActiveCfg = Debug|x64
		{335D285A-6C0D-3250-9E71-C675F85F8CDB}.Debug|x64.Build.0 = Debug|x64
		{335D285A-6C0D-3250-9E71-C675F85F8CDB}.Release|x64.ActiveCfg = Release|x64
		{335D285A-6C0D-3250-9E71-C675F85F8CDB}.Release|x64.Build.0 = Release|x64
		{8ED95C1E-C51D-3824-930B-8587D048FE85}.Debug|x64.ActiveCfg = Debug|x64
		{8ED95C1E-C51D-3824-930B-8587D048FE85}.Debug|x64.Build.0 = Debug|x64
		{8ED95C1E-C51D-3824-930B-8587D048FE85}.Release|x64.ActiveCfg = Release|x64
		{8ED95C1E-C51D-3824-930B-8587D048FE85}.Release|x64.Build.0 = Release|x64
		{4AFC9281-5AE8-3E65-9F4C-FB4CD233EEA4}.Debug|x64.ActiveCfg = Debug|x64
		{4AFC9281-5AE8-3E65-9F4C-FB4CD233EEA4}.Debug|x64.Build.0 = Debug|x64
		{4AFC9281-5AE8-3E65-9F4C-FB4CD233EEA4}.Release|x64.ActiveCfg = Release|x64
		{4AFC9281-5AE8-3E65-9F4C-FB4CD233EEA4}.Release|x64.Build.0 = Release|x64
		{06152E39-B32E-35E4-85EA-481BF359F6C9}.Debug|x64.ActiveCfg = Debug|x64
		{06152E39-B32E-35E4-85EA-481BF359F6C9}.Debug|x64.Build.0 = Debug|x64
		{06152E39-B32E-35E4-85EA-481BF359F6C9}.Release|x64.ActiveCfg = Release|x64
		{06152E39-B32E-35E4-85EA-481BF359F6C9}.Release|x64.Build.0 = Release|x64
		{EE39D3C5-64A9-3DE2-B09C-D2B42C3C8CA4}.Debug|x64.ActiveCfg = Debug|x64
		{EE39D3C5-64A9-3DE2-B09C-D2B42C3C8CA4}.Debug|x64.Build.0 = Debug|x64
		{EE39D3C5-64A9-3DE2-B09C-D2B42C3C8CA4}.Release|x64.ActiveCfg = Release|x64
		{EE39D3C5-64A9-3DE2-B09C-D2B42C3C8CA4}.Release|x64.Build.0 = Release|x64
		{0C0E20AA-7B5F-3BD0-A01B-F7E336C4D842}.Debug|x64.ActiveCfg = Debug|x64
		{0C0E20AA-7B5F-3BD0-A01B-F7E336C4D842}.Debug|x64.Build.0 = Debug|x64
		{0C0E20AA-7B5F-3BD0-A01B-F7E336C4D842}.Release|x64.ActiveCfg = Release|x64
		{0C0E20AA-7B5F-3BD0-A01B-F7E336C4D842}.Release|x64.Build.0 = Release|x64
		{36159B6A-937D-378A-8A8E-2B5AFF2A6F17}.Debug|x64.ActiveCfg = Debug|x64
		{36159B6A-937D-378A-8A8E-2B5AFF2A6F17}.Debug|x64.Build.0 = Debug|x64
		{36159B6A-937D-378A-8A8E-2B5AFF2A6F17}.Release|x64.ActiveCfg = Release|x64
		{36159B6A-937D-378A-8A8E-2B5AFF2A6F17}.Release|x64.Build.0 = Release|x64
		{529DB1FD-C9F9-3707-B0BE-812C9919C900}.Debug|x64.ActiveCfg = Debug|x64
		{529DB1FD-C9F9-3707-B0BE-812C9919C900}.Debug|x64.Build.0 = Debug|x64
		{529DB1FD-C9F9-3707-B0BE-812C9919C900}.Release|x64.ActiveCfg = Release|x64
		{529DB1FD-C9F9-3707-B0BE-812C9919C900}.Release|x64.Build.0 = Release|x64
		{0035BE0A-2740-3E0E-AB78-C9CB8398A245}.Debug|x64.ActiveCfg = Debug|x64
		{0035BE0A-2740-3E0E-AB78-C9CB8398A245}.Debug|x64.Build.0 = Debug|x64
		{0035BE0A-2740-3E0E-AB78-C9CB8398A245}.Release|x64.ActiveCfg = Release|x64
		{0035BE0A-2740-3E0E-AB78-C9CB8398A245}.Release|x64.Build.0 = Release|x64
		{C1A3CE09-B2AD-3ACB-9EBD-D7B0560CC727}.Debug|x64.ActiveCfg = Debug|x64
		{C1A3CE09-B2AD-3ACB-9EBD-D7B0560CC727}.Debug|x64.Build.0 = Debug|x64
		{C1A3CE09-B2AD-3ACB-9EBD-D7B0560CC727}.Release|x64.ActiveCfg = Release|x64
		{C1A3CE09-B2AD-3ACB-9EBD-D7B0560CC727}.Release|x64.Build.0 = Release|x64
		{1889D36E-C575-3165-8888-513EF64DE75A}.Debug|x64.ActiveCfg = Debug|x64
		{1889D36E-C575-3165-8888-513EF64DE75A}.Debug|x64.Build.0 = Debug|x64
		{1889D36E-C575-3165-8888-513EF64DE75A}.Release|x64.ActiveCfg = Release|x64
		{1889D36E-C575-3165-8888-513EF64DE75A}.Release|x64.Build.0 = Release|x64
		{7D3D79B6-857C-35A2-98AA-038AA83CF2B4}.Debug|x64.ActiveCfg = Debug|x64
		{7D3D79B6-857C-35A2-98AA-038AA83CF2B4}.Debug|x64.Build.0 = Debug|x64
		{7D3D79B6-857C-35A2-98AA-038AA83CF2B4}.Release|x64.ActiveCfg = Release|x64
		{7D3D79B6-857C-35A2-98AA-038AA83CF2B4}.Release|x64.Build.0 = Release|x64
		{F697620C-47F5-306F-AB13-227C6F91FD1E}.Debug|x64.ActiveCfg = Debug|x64
		{F697620C-47F5-306F-AB13-227C6F91FD1E}.Debug|x64.Build.0 = Debug|x64
		{F697620C-47F5-306F-AB13-227C6F91FD1E}.Release|x64.ActiveCfg = Release|x64
		{F697620C-47F5-306F-AB13-227C6F91FD1E}.Release|x64.Build.0 = Release|x64
		{CF50E626-B7E8-3660-B77B-F56405BB6D40}.Debug|x64.ActiveCfg = Debug|x64
		{CF50E626-B7E8-3660-B77B-F56405BB6D40}.Debug|x64.Build.0 = Debug|x64
		{CF50E626-B7E8-3660-B77B-F56405BB6D40}.Release|x64.ActiveCfg = Release|x64
		{CF50E626-B7E8-3660-B77B-F56405BB6D40}.Release|x64.Build.0 = Release|x64
		{FCEB9FD7-4B68-3EA1-8432-5D5D23F1A767}.Debug|x64.ActiveCfg = Debug|x64
		{FCEB9FD7-4B68-3EA1-8432-5D5D23F1A767}.Debug|x64.Build.0 = Debug|x64
		{FCEB9FD7-4B68-3EA1-8432-5D5D23F1A767}.Release|x64.ActiveCfg = Release|x64
		{FCEB9FD7-4B68-3EA1-8432-5D5D23F1A767}.Release|x64.Build.0 = Release|x64
		{0A7216C6-7D69-3862-A0B4-B24BE125EA29}.Debug|x64.ActiveCfg = Debug|x64
		{0A7216C6-7D69-3862-A0B4-B24BE125EA29}.Debug|x64.Build.0 = Debug|x64
		{0A7216C6-7D69-3862-A0B4-B24BE125EA29}.Release|x64.ActiveCfg = Release|x64
		{0A7216C6-7D69-3862-A0B4-B24BE125EA29}.Release|x64.Build.0 = Release|x64
		{65720CFC-9D83-3578-AB27-0004F2FF8DFE}.Debug|x64.ActiveCfg = Debug|x64
		{65720CFC-9D83-3578-AB27-0004F2FF8DFE}.Debug|x64.Build.0 = Debug|x64
		{65720CFC-9D83-3578-AB27-0004F2FF8DFE}.Release|x64.ActiveCfg = Release|x64
		{65720CFC-9D83-3578-AB27-0004F2FF8DFE}.Release|x64.Build.0 = Release|x64
		{A4ADB9BA-AB66-325C-A742-27D861186F51}.Debug|x64.ActiveCfg = Debug|x64
		{A4ADB9BA-AB66-325C-A742-27D861186F51}.Debug|x64.Build.0 = Debug|x64
		{A4ADB9BA-AB66-325C-A742-27D861186F51}.Release|x64.ActiveCfg = Release|x64
		{A4ADB9BA-AB66-325C-A742-27D861186F51}.Release|x64.Build.0 = Release|x64
		{D03A45DB-7B44-3F6C-8415-84D612A09B6E}.Debug|x64.ActiveCfg = Debug|x64
		{D03A45DB-7B44-3F6C-8415-84D612A09B6E}.Debug|x64.Build.0 = Debug|x64
		{D03A45DB-7B44-3F6C-8415-84D612A09B6E}.Release|x64.ActiveCfg = Release|x64
		{D03A45DB-7B44-3F6C-8415-84D612A09B6E}.Release|x64.Build.0 = Release|x64
		{AFDC7EE4-8290-3EAD-BA1F-5D8BFD1F790E}.Debug|x64.ActiveCfg = Debug|x64
		{AFDC7EE4-8290-3EAD-BA1F-5D8BFD1F790E}.Debug|x64.Build.0 = Debug|x64
		{AFDC7EE4-8290-3EAD-BA1F-5D8BFD1F790E}.Release|x64.ActiveCfg = Release|x64
		{AFDC7EE4-8290-3EAD-BA1F-5D8BFD1F790E}.Release|x64.Build.0 = Release|x64
	EndGlobalSection
	GlobalSection(SolutionProperties) = preSolution
		HideSolutionNode = FALSE
	EndGlobalSection
	GlobalSection(NestedProjects) = preSolution
		{C96FA381-D17E-3E72-ABA3-4173503AF272} = {B8DBC2CA-31A7-4C6D-A732-B01BAFEC3C58}
		{1B19FBD6-88DE-3D57-871C-3133A291877F} = {B300FF1C-70B5-4CB8-B526-1C21BBB14A6F}
		{82DB8F78-B33D-37CC-8DAE-FE3B71F12CEC} = {B300FF1C-70B5-4CB8-B526-1C21BBB14A6F}
		{D3EDBEBB-D45A-307B-93C8-2B1CE46FCD22} = {B300FF1C-70B5-4CB8-B526-1C21BBB14A6F}
		{BA4D613F-3F88-32CF-92BB-3F9BC910E55D} = {B300FF1C-70B5-4CB8-B526-1C21BBB14A6F}
		{A6B91A38-1BFD-3F27-B49F-F509BDF85D8E} = {B300FF1C-70B5-4CB8-B526-1C21BBB14A6F}
		{8347F277-6ECF-3F74-9EF3-E3AF8730A873} = {B300FF1C-70B5-4CB8-B526-1C21BBB14A6F}
		{06ED0940-AD90-3769-B24E-12C5DA520B5D} = {B300FF1C-70B5-4CB8-B526-1C21BBB14A6F}
		{0E33657A-917C-35C5-A518-F8BB69662305} = {B300FF1C-70B5-4CB8-B526-1C21BBB14A6F}
		{4AC79525-CE0E-37FB-B5E5-03711C63EA11} = {B300FF1C-70B5-4CB8-B526-1C21BBB14A6F}
		{F805770F-F2EB-36B3-95B6-54A955E8D893} = {B300FF1C-70B5-4CB8-B526-1C21BBB14A6F}
		{810E0FC8-5034-3304-A4F1-8AF078C3CC5D} = {48221199-C785-4869-9791-E69C6D04C108}
		{B8371D56-26D2-3C32-898D-8B603BDD24EA} = {48221199-C785-4869-9791-E69C6D04C108}
		{72C45AB0-8276-357E-BBB1-122C6016EE2A} = {48221199-C785-4869-9791-E69C6D04C108}
		{67EDFE64-6B32-36CB-8F41-76CDCB43E674} = {48221199-C785-4869-9791-E69C6D04C108}
		{AF5AC4BA-D4BF-3FFF-B521-A496605D197D} = {48221199-C785-4869-9791-E69C6D04C108}
		{30E49627-9E24-3AB7-853D-E4ECECC88FA5} = {426EAB8C-010E-436D-8A81-4B7BE579B73F}
		{3BC63651-943C-3828-9804-4ED7D7F80B48} = {426EAB8C-010E-436D-8A81-4B7BE579B73F}
		{F06AE332-F1BC-3D0C-B80E-50DEBF8F4375} = {426EAB8C-010E-436D-8A81-4B7BE579B73F}
		{A5258DE8-4AAE-3346-ABFE-F633A5FAC3DA} = {426EAB8C-010E-436D-8A81-4B7BE579B73F}
		{3CF3637C-4B29-3C2E-8741-B4F6EF994D8A} = {426EAB8C-010E-436D-8A81-4B7BE579B73F}
		{F35D6BA0-1B14-3652-910F-2B93B8B94E8F} = {426EAB8C-010E-436D-8A81-4B7BE579B73F}
		{A18187BA-E8AD-3EEF-A34C-174241EDD26F} = {426EAB8C-010E-436D-8A81-4B7BE579B73F}
		{F3BDBFEE-75FF-353E-B028-C06AAFE5C2A9} = {426EAB8C-010E-436D-8A81-4B7BE579B73F}
		{FA7231B4-CC5D-3A87-BFAA-96AAC38336CA} = {E64EB8A9-694E-441D-92E5-88FB67F21156}
		{17DEE9D5-E061-3E08-8E89-619E8D73341A} = {30C61D6D-6F29-48FA-99B4-1A255E3115CD}
		{53A87C12-985D-3BB0-B156-1DEA8CCED2E9} = {30C61D6D-6F29-48FA-99B4-1A255E3115CD}
		{B8DD2EC7-7300-3AE4-865C-80A754F35634} = {30C61D6D-6F29-48FA-99B4-1A255E3115CD}
		{0E96E9C0-BF0D-394D-B623-3125B650ADEA} = {30C61D6D-6F29-48FA-99B4-1A255E3115CD}
		{C98E2DEA-BAE8-3519-BE42-8F56AF43E15E} = {A6BFFC1F-24B3-4FCF-80E6-9B58FA4808DE}
		{5151B3BE-C981-39A7-A3EE-028BAE93AA11} = {A6BFFC1F-24B3-4FCF-80E6-9B58FA4808DE}
		{600CF3D3-9D66-3BD0-9A9B-63DA713040A6} = {A6BFFC1F-24B3-4FCF-80E6-9B58FA4808DE}
		{DE3B2953-AC07-3907-A456-A0EB31DD8EA5} = {A6BFFC1F-24B3-4FCF-80E6-9B58FA4808DE}
		{06D5ADE8-7BE6-3833-AC02-65D0AE923084} = {EFFC5ED2-7D2A-4A79-BB5B-4559902CA65D}
		{1FD580FA-74F0-39EB-84AA-AB698B92DB6C} = {EFFC5ED2-7D2A-4A79-BB5B-4559902CA65D}
		{1CBE132C-2133-3398-BB4D-BFC96A1C9F2A} = {EFFC5ED2-7D2A-4A79-BB5B-4559902CA65D}
		{34BF6EDC-1A67-3CB0-823C-AE0D4B60FD78} = {EFFC5ED2-7D2A-4A79-BB5B-4559902CA65D}
		{86B3ED32-F6EE-3821-AFF2-32923CA38844} = {C81E9D32-8A0B-4187-A371-51F7D6B07918}
		{03F46A04-F35F-3D5D-B17F-A516166A82E2} = {C81E9D32-8A0B-4187-A371-51F7D6B07918}
		{8BD0B557-6FF1-3FF7-988A-50BD8F34313D} = {C81E9D32-8A0B-4187-A371-51F7D6B07918}
		{4DD7CB56-7620-3F66-9DB2-B90D839D45A1} = {C81E9D32-8A0B-4187-A371-51F7D6B07918}
		{D803CF5B-5977-3810-9C04-290DA2215A2D} = {C81E9D32-8A0B-4187-A371-51F7D6B07918}
		{AC2817D9-66A9-3507-874C-6616291F933D} = {C81E9D32-8A0B-4187-A371-51F7D6B07918}
		{C37A13A0-311A-3488-B2C8-314ACB0C7C8C} = {C81E9D32-8A0B-4187-A371-51F7D6B07918}
		{06DD522D-6724-3741-8B8D-E00F72DCC88A} = {021F8B99-EA53-4EC2-B973-9894976C029F}
		{9852F1E5-E3A6-3270-8458-3A33115ECCAA} = {021F8B99-EA53-4EC2-B973-9894976C029F}
		{A61D94EC-3AE8-3674-8740-0D66E079124D} = {021F8B99-EA53-4EC2-B973-9894976C029F}
		{E616FD4B-4E7C-37D2-AD4A-267452A2B383} = {021F8B99-EA53-4EC2-B973-9894976C029F}
		{A46A061D-82CB-3941-BE7D-1BC6E9BC9AD8} = {021F8B99-EA53-4EC2-B973-9894976C029F}
		{0F50EA82-7F7A-3490-8679-FBBC200B6796} = {021F8B99-EA53-4EC2-B973-9894976C029F}
		{335D285A-6C0D-3250-9E71-C675F85F8CDB} = {1FC48A2A-D54C-430A-8111-050B4DF14C2E}
		{8ED95C1E-C51D-3824-930B-8587D048FE85} = {1FC48A2A-D54C-430A-8111-050B4DF14C2E}
		{4AFC9281-5AE8-3E65-9F4C-FB4CD233EEA4} = {1FC48A2A-D54C-430A-8111-050B4DF14C2E}
		{06152E39-B32E-35E4-85EA-481BF359F6C9} = {DB4E7543-0AD9-430F-87C5-1E42A0CCBF17}
		{EE39D3C5-64A9-3DE2-B09C-D2B42C3C8CA4} = {DB4E7543-0AD9-430F-87C5-1E42A0CCBF17}
		{0C0E20AA-7B5F-3BD0-A01B-F7E336C4D842} = {DB4E7543-0AD9-430F-87C5-1E42A0CCBF17}
		{36159B6A-937D-378A-8A8E-2B5AFF2A6F17} = {DB4E7543-0AD9-430F-87C5-1E42A0CCBF17}
		{529DB1FD-C9F9-3707-B0BE-812C9919C900} = {DB4E7543-0AD9-430F-87C5-1E42A0CCBF17}
		{0035BE0A-2740-3E0E-AB78-C9CB8398A245} = {96C090C0-B195-4472-9713-D72F0DCD272E}
		{C1A3CE09-B2AD-3ACB-9EBD-D7B0560CC727} = {96C090C0-B195-4472-9713-D72F0DCD272E}
		{1889D36E-C575-3165-8888-513EF64DE75A} = {7DF31F9A-4741-4D14-BA08-8BA9CD693B07}
		{7D3D79B6-857C-35A2-98AA-038AA83CF2B4} = {7DF31F9A-4741-4D14-BA08-8BA9CD693B07}
		{F697620C-47F5-306F-AB13-227C6F91FD1E} = {C25965B9-655C-493A-864F-3D343C2A8E1A}
		{CF50E626-B7E8-3660-B77B-F56405BB6D40} = {C25965B9-655C-493A-864F-3D343C2A8E1A}
		{FCEB9FD7-4B68-3EA1-8432-5D5D23F1A767} = {C25965B9-655C-493A-864F-3D343C2A8E1A}
		{0A7216C6-7D69-3862-A0B4-B24BE125EA29} = {C25965B9-655C-493A-864F-3D343C2A8E1A}
		{65720CFC-9D83-3578-AB27-0004F2FF8DFE} = {ED327EB7-8A26-4FC3-8885-13F3F2FA297A}
		{A4ADB9BA-AB66-325C-A742-27D861186F51} = {46FAAB14-65CA-42CC-B234-00172948854E}
		{D03A45DB-7B44-3F6C-8415-84D612A09B6E} = {19587CAE-96B1-46DA-9ABC-E8FDE26F33C1}
		{AFDC7EE4-8290-3EAD-BA1F-5D8BFD1F790E} = {F10D8487-16F2-4F9A-B449-C7DD86CA07B7}
	EndGlobalSection
EndGlobal
